dependencies:
- name: jupyterhub
  repository: https://jupyterhub.github.io/helm-chart/
  version: 1.1.1
- name: postgresql
  repository: https://charts.bitnami.com/bitnami
  version: 10.16.1
- name: argo-events
  repository: https://argoproj.github.io/argo-helm
  version: 1.8.0
digest: sha256:c4b520e2d2619c7816ba8b2c85ba4bc88395ac57e81ff104a4049dd74a35a2f8
generated: "2022-01-21T19:52:42.3127129-05:00"
